<?xml version="1.0" encoding="utf-8"?>
<Project ToolsVersion="4.0" xmlns="http://schemas.microsoft.com/developer/msbuild/2003">
  <ItemGroup>
    <ClCompile Include="Base Code\Application.cpp">
      <Filter>Core\Esencials</Filter>
    </ClCompile>
    <ClCompile Include="Base Code\Main.cpp">
      <Filter>Core\Esencials</Filter>
    </ClCompile>
    <ClCompile Include="Base Code\ModuleCamera3D.cpp">
      <Filter>Core\Modules</Filter>
    </ClCompile>
    <ClCompile Include="Base Code\ModuleInput.cpp">
      <Filter>Core\Modules</Filter>
    </ClCompile>
    <ClCompile Include="Base Code\ModuleRenderer3D.cpp">
      <Filter>Core\Modules</Filter>
    </ClCompile>
    <ClCompile Include="Base Code\ModuleSceneIntro.cpp">
      <Filter>Core\Modules</Filter>
    </ClCompile>
    <ClCompile Include="Base Code\ModuleWindow.cpp">
      <Filter>Core\Modules</Filter>
    </ClCompile>
    <ClCompile Include="Base Code\Color.cpp">
      <Filter>Core\Others</Filter>
    </ClCompile>
    <ClCompile Include="Base Code\glmath.cpp">
      <Filter>Core\Others</Filter>
    </ClCompile>
    <ClCompile Include="Base Code\Light.cpp">
      <Filter>Core\Others</Filter>
    </ClCompile>
    <ClCompile Include="Base Code\Timer.cpp">
      <Filter>Core\Tools\Others</Filter>
    </ClCompile>
    <ClCompile Include="Base Code\log.cpp">
      <Filter>Core\Tools\Others</Filter>
    </ClCompile>
    <ClCompile Include="Base Code\Primitive.cpp">
      <Filter>Core</Filter>
    </ClCompile>
  </ItemGroup>
  <ItemGroup>
    <ClInclude Include="Base Code\Application.h">
      <Filter>Core\Esencials</Filter>
    </ClInclude>
    <ClInclude Include="Base Code\Module.h">
      <Filter>Core\Esencials</Filter>
    </ClInclude>
    <ClInclude Include="Base Code\Globals.h">
      <Filter>Core\Esencials</Filter>
    </ClInclude>
    <ClInclude Include="Base Code\ModuleCamera3D.h">
      <Filter>Core\Modules</Filter>
    </ClInclude>
    <ClInclude Include="Base Code\ModuleInput.h">
      <Filter>Core\Modules</Filter>
    </ClInclude>
    <ClInclude Include="Base Code\ModuleRenderer3D.h">
      <Filter>Core\Modules</Filter>
    </ClInclude>
    <ClInclude Include="Base Code\ModuleSceneIntro.h">
      <Filter>Core\Modules</Filter>
    </ClInclude>
    <ClInclude Include="Base Code\ModuleWindow.h">
      <Filter>Core\Modules</Filter>
    </ClInclude>
    <ClInclude Include="Base Code\Color.h">
      <Filter>Core\Others</Filter>
    </ClInclude>
    <ClInclude Include="Base Code\glmath.h">
      <Filter>Core\Others</Filter>
    </ClInclude>
    <ClInclude Include="Base Code\Light.h">
      <Filter>Core\Others</Filter>
    </ClInclude>
    <ClInclude Include="Base Code\p2DynArray.h">
      <Filter>Core\Tools\Others</Filter>
    </ClInclude>
    <ClInclude Include="Base Code\p2List.h">
      <Filter>Core\Tools\Others</Filter>
    </ClInclude>
    <ClInclude Include="Base Code\p2Point.h">
      <Filter>Core\Tools\Others</Filter>
    </ClInclude>
    <ClInclude Include="Base Code\Timer.h">
      <Filter>Core\Tools\Others</Filter>
    </ClInclude>
    <ClInclude Include="Base Code\Primitive.h">
      <Filter>Core</Filter>
    </ClInclude>
  </ItemGroup>
  <ItemGroup>
    <Filter Include="Core">
      <UniqueIdentifier>{10ad30fe-7fcf-463b-a0d5-9ff197124594}</UniqueIdentifier>
    </Filter>
    <Filter Include="Core\Tools">
      <UniqueIdentifier>{ae7f225f-f937-4ecf-8498-6bb145ccb659}</UniqueIdentifier>
    </Filter>
    <Filter Include="Core\Esencials">
      <UniqueIdentifier>{4a10fc39-bd68-4908-9273-34c4eee8433a}</UniqueIdentifier>
    </Filter>
    <Filter Include="Core\Modules">
      <UniqueIdentifier>{5fd424d1-f3d8-41d5-889a-349e77f6df3c}</UniqueIdentifier>
    </Filter>
    <Filter Include="Core\Others">
      <UniqueIdentifier>{0cfd1d37-ddfa-4380-b7d8-c5408ef8a68a}</UniqueIdentifier>
    </Filter>
    <Filter Include="Core\Tools\Others">
      <UniqueIdentifier>{2ba3865b-ea83-48d0-bf2d-aafcddcc652b}</UniqueIdentifier>
    </Filter>
  </ItemGroup>
</Project>