<?xml version="1.0" encoding="utf-8"?>
<Project ToolsVersion="4.0" xmlns="http://schemas.microsoft.com/developer/msbuild/2003">
  <ItemGroup>
    <ClCompile Include="Base Code\Application.cpp">
      <Filter>Core\Esencials</Filter>
    </ClCompile>
    <ClCompile Include="Base Code\Main.cpp">
      <Filter>Core\Esencials</Filter>
    </ClCompile>
    <ClCompile Include="Base Code\ModuleCamera3D.cpp">
      <Filter>Core\Modules</Filter>
    </ClCompile>
    <ClCompile Include="Base Code\ModuleInput.cpp">
      <Filter>Core\Modules</Filter>
    </ClCompile>
    <ClCompile Include="Base Code\ModuleRenderer3D.cpp">
      <Filter>Core\Modules</Filter>
    </ClCompile>
    <ClCompile Include="Base Code\ModuleSceneIntro.cpp">
      <Filter>Core\Modules</Filter>
    </ClCompile>
    <ClCompile Include="Base Code\ModuleWindow.cpp">
      <Filter>Core\Modules</Filter>
    </ClCompile>
    <ClCompile Include="Base Code\Color.cpp">
      <Filter>Core\Others</Filter>
    </ClCompile>
    <ClCompile Include="Base Code\glmath.cpp">
      <Filter>Core\Others</Filter>
    </ClCompile>
    <ClCompile Include="Base Code\Light.cpp">
      <Filter>Core\Others</Filter>
    </ClCompile>
    <ClCompile Include="Base Code\Timer.cpp">
      <Filter>Core\Tools\Others</Filter>
    </ClCompile>
    <ClCompile Include="Base Code\log.cpp">
      <Filter>Core\Tools\Others</Filter>
    </ClCompile>
    <ClCompile Include="Base Code\Primitive.cpp">
      <Filter>Core</Filter>
    </ClCompile>
    <ClCompile Include="Base Code\lib\ImGui\imgui.cpp">
      <Filter>Core\Tools\ImGui</Filter>
    </ClCompile>
    <ClCompile Include="Base Code\lib\ImGui\imgui_demo.cpp">
      <Filter>Core\Tools\ImGui</Filter>
    </ClCompile>
    <ClCompile Include="Base Code\lib\ImGui\imgui_draw.cpp">
      <Filter>Core\Tools\ImGui</Filter>
    </ClCompile>
    <ClCompile Include="Base Code\lib\ImGui\imgui_impl_opengl3.cpp">
      <Filter>Core\Tools\ImGui</Filter>
    </ClCompile>
    <ClCompile Include="Base Code\lib\ImGui\imgui_impl_sdl.cpp">
      <Filter>Core\Tools\ImGui</Filter>
    </ClCompile>
    <ClCompile Include="Base Code\lib\ImGui\imgui_widgets.cpp">
      <Filter>Core\Tools\ImGui</Filter>
    </ClCompile>
    <ClCompile Include="Base Code\ModuleBaseMotor.cpp">
      <Filter>Core\Modules</Filter>
    </ClCompile>
    <ClCompile Include="Base Code\lib\Parson\parson.c">
      <Filter>Core\Tools\Parson</Filter>
    </ClCompile>
    <ClCompile Include="Base Code\lib\mmgr\mmgr.cpp">
      <Filter>Core\Tools\mmgr</Filter>
    </ClCompile>
    <ClCompile Include="Base Code\InspectorWindow.cpp">
      <Filter>Core\Windows</Filter>
    </ClCompile>
    <ClCompile Include="Base Code\WindowManager.cpp">
      <Filter>Core\Windows</Filter>
    </ClCompile>
    <ClCompile Include="Base Code\ConfigurationWindow.cpp">
      <Filter>Core\Windows</Filter>
    </ClCompile>
    <ClCompile Include="Base Code\AboutWindow.cpp">
      <Filter>Core\Windows</Filter>
    </ClCompile>
    <ClCompile Include="Base Code\ResourcesWindow.cpp">
      <Filter>Core\Windows</Filter>
    </ClCompile>
    <ClCompile Include="Base Code\ConsoleWindow.cpp">
      <Filter>Core\Windows</Filter>
    </ClCompile>
    <ClCompile Include="Base Code\FBXManager.cpp">
      <Filter>Core\Tools\FBXImporter</Filter>
    </ClCompile>
    <ClCompile Include="Base Code\Mesh.cpp">
      <Filter>Core</Filter>
    </ClCompile>
    <ClCompile Include="Base Code\OptionsWindow.cpp">
      <Filter>Core\Windows</Filter>
    </ClCompile>
    <ClCompile Include="Base Code\SceneWindow.cpp">
      <Filter>Core\Windows</Filter>
    </ClCompile>
    <ClCompile Include="Base Code\ModuleGameObject.cpp">
      <Filter>Core\GameObject</Filter>
    </ClCompile>
    <ClCompile Include="Base Code\ComponentTransform.cpp">
      <Filter>Core\GameObject</Filter>
    </ClCompile>
    <ClCompile Include="Base Code\ComponentMaterial.cpp">
      <Filter>Core\GameObject</Filter>
    </ClCompile>
    <ClCompile Include="Base Code\ComponentMesh.cpp">
      <Filter>Core\GameObject</Filter>
    </ClCompile>
    <ClCompile Include="Base Code\HierarchyWindow.cpp">
      <Filter>Core\Windows</Filter>
    </ClCompile>
    <ClCompile Include="Base Code\ModuleFileSystem.cpp">
      <Filter>Core\Modules</Filter>
    </ClCompile>
    <ClCompile Include="Base Code\JsonManager.cpp">
      <Filter>Core\Tools\Parson</Filter>
    </ClCompile>
    <ClCompile Include="Base Code\ComponentCamera.cpp">
      <Filter>Core\GameObject</Filter>
    </ClCompile>
    <ClCompile Include="Base Code\lib\ImGuizmo\ImGuizmo.cpp">
      <Filter>Core\Tools\ImGuizmo</Filter>
    </ClCompile>
    <ClCompile Include="Base Code\lib\MathGeoLib\src\Time\Clock.cpp">
      <Filter>Core\Tools\MathGeoLib\Time</Filter>
    </ClCompile>
    <ClCompile Include="Base Code\lib\MathGeoLib\src\Math\float3x3.cpp">
      <Filter>Core\Tools\MathGeoLib\Math</Filter>
    </ClCompile>
    <ClCompile Include="Base Code\lib\MathGeoLib\src\Math\float3x4.cpp">
      <Filter>Core\Tools\MathGeoLib\Math</Filter>
    </ClCompile>
    <ClCompile Include="Base Code\lib\MathGeoLib\src\Math\float4.cpp">
      <Filter>Core\Tools\MathGeoLib\Math</Filter>
    </ClCompile>
    <ClCompile Include="Base Code\lib\MathGeoLib\src\Math\float4x4.cpp">
      <Filter>Core\Tools\MathGeoLib\Math</Filter>
    </ClCompile>
    <ClCompile Include="Base Code\lib\MathGeoLib\src\Math\MathFunc.cpp">
      <Filter>Core\Tools\MathGeoLib\Math</Filter>
    </ClCompile>
    <ClCompile Include="Base Code\lib\MathGeoLib\src\Math\MathLog.cpp">
      <Filter>Core\Tools\MathGeoLib\Math</Filter>
    </ClCompile>
    <ClCompile Include="Base Code\lib\MathGeoLib\src\Math\MathOps.cpp">
      <Filter>Core\Tools\MathGeoLib\Math</Filter>
    </ClCompile>
    <ClCompile Include="Base Code\lib\MathGeoLib\src\Math\Polynomial.cpp">
      <Filter>Core\Tools\MathGeoLib\Math</Filter>
    </ClCompile>
    <ClCompile Include="Base Code\lib\MathGeoLib\src\Math\Quat.cpp">
      <Filter>Core\Tools\MathGeoLib\Math</Filter>
    </ClCompile>
    <ClCompile Include="Base Code\lib\MathGeoLib\src\Math\SSEMath.cpp">
      <Filter>Core\Tools\MathGeoLib\Math</Filter>
    </ClCompile>
    <ClCompile Include="Base Code\lib\MathGeoLib\src\Math\TransformOps.cpp">
      <Filter>Core\Tools\MathGeoLib\Math</Filter>
    </ClCompile>
    <ClCompile Include="Base Code\lib\MathGeoLib\src\Math\BitOps.cpp">
      <Filter>Core\Tools\MathGeoLib\Math</Filter>
    </ClCompile>
    <ClCompile Include="Base Code\lib\MathGeoLib\src\Math\float2.cpp">
      <Filter>Core\Tools\MathGeoLib\Math</Filter>
    </ClCompile>
    <ClCompile Include="Base Code\lib\MathGeoLib\src\Math\float3.cpp">
      <Filter>Core\Tools\MathGeoLib\Math</Filter>
    </ClCompile>
    <ClCompile Include="Base Code\lib\MathGeoLib\src\Geometry\Polygon.cpp">
      <Filter>Core\Tools\MathGeoLib\Geometry</Filter>
    </ClCompile>
    <ClCompile Include="Base Code\lib\MathGeoLib\src\Geometry\Polyhedron.cpp">
      <Filter>Core\Tools\MathGeoLib\Geometry</Filter>
    </ClCompile>
    <ClCompile Include="Base Code\lib\MathGeoLib\src\Geometry\Ray.cpp">
      <Filter>Core\Tools\MathGeoLib\Geometry</Filter>
    </ClCompile>
    <ClCompile Include="Base Code\lib\MathGeoLib\src\Geometry\Sphere.cpp">
      <Filter>Core\Tools\MathGeoLib\Geometry</Filter>
    </ClCompile>
    <ClCompile Include="Base Code\lib\MathGeoLib\src\Geometry\Triangle.cpp">
      <Filter>Core\Tools\MathGeoLib\Geometry</Filter>
    </ClCompile>
    <ClCompile Include="Base Code\lib\MathGeoLib\src\Geometry\TriangleMesh.cpp">
      <Filter>Core\Tools\MathGeoLib\Geometry</Filter>
    </ClCompile>
    <ClCompile Include="Base Code\lib\MathGeoLib\src\Geometry\AABB.cpp">
      <Filter>Core\Tools\MathGeoLib\Geometry</Filter>
    </ClCompile>
    <ClCompile Include="Base Code\lib\MathGeoLib\src\Geometry\Capsule.cpp">
      <Filter>Core\Tools\MathGeoLib\Geometry</Filter>
    </ClCompile>
    <ClCompile Include="Base Code\lib\MathGeoLib\src\Geometry\Circle.cpp">
      <Filter>Core\Tools\MathGeoLib\Geometry</Filter>
    </ClCompile>
    <ClCompile Include="Base Code\lib\MathGeoLib\src\Geometry\Cone.cpp">
      <Filter>Core\Tools\MathGeoLib\Geometry</Filter>
    </ClCompile>
    <ClCompile Include="Base Code\lib\MathGeoLib\src\Geometry\Cylinder.cpp">
      <Filter>Core\Tools\MathGeoLib\Geometry</Filter>
    </ClCompile>
    <ClCompile Include="Base Code\lib\MathGeoLib\src\Geometry\Frustum.cpp">
      <Filter>Core\Tools\MathGeoLib\Geometry</Filter>
    </ClCompile>
    <ClCompile Include="Base Code\lib\MathGeoLib\src\Geometry\Line.cpp">
      <Filter>Core\Tools\MathGeoLib\Geometry</Filter>
    </ClCompile>
    <ClCompile Include="Base Code\lib\MathGeoLib\src\Geometry\LineSegment.cpp">
      <Filter>Core\Tools\MathGeoLib\Geometry</Filter>
    </ClCompile>
    <ClCompile Include="Base Code\lib\MathGeoLib\src\Geometry\OBB.cpp">
      <Filter>Core\Tools\MathGeoLib\Geometry</Filter>
    </ClCompile>
    <ClCompile Include="Base Code\lib\MathGeoLib\src\Geometry\Plane.cpp">
      <Filter>Core\Tools\MathGeoLib\Geometry</Filter>
    </ClCompile>
    <ClCompile Include="Base Code\lib\MathGeoLib\src\Algorithm\Random\LCG.cpp">
      <Filter>Core\Tools\MathGeoLib\Algorithm\Random</Filter>
    </ClCompile>
    <ClCompile Include="Base Code\Time.cpp">
      <Filter>Core\Tools\Time</Filter>
    </ClCompile>
  </ItemGroup>
  <ItemGroup>
    <ClInclude Include="Base Code\Application.h">
      <Filter>Core\Esencials</Filter>
    </ClInclude>
    <ClInclude Include="Base Code\Module.h">
      <Filter>Core\Esencials</Filter>
    </ClInclude>
    <ClInclude Include="Base Code\Globals.h">
      <Filter>Core\Esencials</Filter>
    </ClInclude>
    <ClInclude Include="Base Code\ModuleCamera3D.h">
      <Filter>Core\Modules</Filter>
    </ClInclude>
    <ClInclude Include="Base Code\ModuleInput.h">
      <Filter>Core\Modules</Filter>
    </ClInclude>
    <ClInclude Include="Base Code\ModuleRenderer3D.h">
      <Filter>Core\Modules</Filter>
    </ClInclude>
    <ClInclude Include="Base Code\ModuleSceneIntro.h">
      <Filter>Core\Modules</Filter>
    </ClInclude>
    <ClInclude Include="Base Code\ModuleWindow.h">
      <Filter>Core\Modules</Filter>
    </ClInclude>
    <ClInclude Include="Base Code\Color.h">
      <Filter>Core\Others</Filter>
    </ClInclude>
    <ClInclude Include="Base Code\glmath.h">
      <Filter>Core\Others</Filter>
    </ClInclude>
    <ClInclude Include="Base Code\Light.h">
      <Filter>Core\Others</Filter>
    </ClInclude>
    <ClInclude Include="Base Code\p2DynArray.h">
      <Filter>Core\Tools\Others</Filter>
    </ClInclude>
    <ClInclude Include="Base Code\p2List.h">
      <Filter>Core\Tools\Others</Filter>
    </ClInclude>
    <ClInclude Include="Base Code\p2Point.h">
      <Filter>Core\Tools\Others</Filter>
    </ClInclude>
    <ClInclude Include="Base Code\Timer.h">
      <Filter>Core\Tools\Others</Filter>
    </ClInclude>
    <ClInclude Include="Base Code\Primitive.h">
      <Filter>Core</Filter>
    </ClInclude>
    <ClInclude Include="Base Code\lib\ImGui\imconfig.h">
      <Filter>Core\Tools\ImGui</Filter>
    </ClInclude>
    <ClInclude Include="Base Code\lib\ImGui\imgui.h">
      <Filter>Core\Tools\ImGui</Filter>
    </ClInclude>
    <ClInclude Include="Base Code\lib\ImGui\imgui_impl_opengl3.h">
      <Filter>Core\Tools\ImGui</Filter>
    </ClInclude>
    <ClInclude Include="Base Code\lib\ImGui\imgui_impl_sdl.h">
      <Filter>Core\Tools\ImGui</Filter>
    </ClInclude>
    <ClInclude Include="Base Code\lib\ImGui\imgui_internal.h">
      <Filter>Core\Tools\ImGui</Filter>
    </ClInclude>
    <ClInclude Include="Base Code\lib\ImGui\imstb_rectpack.h">
      <Filter>Core\Tools\ImGui</Filter>
    </ClInclude>
    <ClInclude Include="Base Code\lib\ImGui\imstb_textedit.h">
      <Filter>Core\Tools\ImGui</Filter>
    </ClInclude>
    <ClInclude Include="Base Code\lib\ImGui\imstb_truetype.h">
      <Filter>Core\Tools\ImGui</Filter>
    </ClInclude>
    <ClInclude Include="Base Code\ModuleBaseMotor.h">
      <Filter>Core\Modules</Filter>
    </ClInclude>
    <ClInclude Include="Base Code\lib\Parson\parson.h">
      <Filter>Core\Tools\Parson</Filter>
    </ClInclude>
    <ClInclude Include="Base Code\lib\mmgr\mmgr.h">
      <Filter>Core\Tools\mmgr</Filter>
    </ClInclude>
    <ClInclude Include="Base Code\lib\mmgr\nommgr.h">
      <Filter>Core\Tools\mmgr</Filter>
    </ClInclude>
    <ClInclude Include="Base Code\InspectorWindow.h">
      <Filter>Core\Windows</Filter>
    </ClInclude>
    <ClInclude Include="Base Code\WindowManager.h">
      <Filter>Core\Windows</Filter>
    </ClInclude>
    <ClInclude Include="Base Code\ConfigurationWindow.h">
      <Filter>Core\Windows</Filter>
    </ClInclude>
    <ClInclude Include="Base Code\AboutWindow.h">
      <Filter>Core\Windows</Filter>
    </ClInclude>
    <ClInclude Include="Base Code\ResourcesWindow.h">
      <Filter>Core\Windows</Filter>
    </ClInclude>
    <ClInclude Include="Base Code\ConsoleWindow.h">
      <Filter>Core\Windows</Filter>
    </ClInclude>
    <ClInclude Include="Base Code\FBXManager.h">
      <Filter>Core\Tools\FBXImporter</Filter>
    </ClInclude>
    <ClInclude Include="Base Code\Mesh.h">
      <Filter>Core</Filter>
    </ClInclude>
    <ClInclude Include="Base Code\MeshesArray.h">
      <Filter>Core</Filter>
    </ClInclude>
    <ClInclude Include="Base Code\OptionsWindow.h">
      <Filter>Core\Windows</Filter>
    </ClInclude>
    <ClInclude Include="Base Code\SceneWindow.h">
      <Filter>Core\Windows</Filter>
    </ClInclude>
    <ClInclude Include="Base Code\ModuleGameObject.h">
      <Filter>Core\GameObject</Filter>
    </ClInclude>
    <ClInclude Include="Base Code\ComponentTransform.h">
      <Filter>Core\GameObject</Filter>
    </ClInclude>
    <ClInclude Include="Base Code\ComponentMaterial.h">
      <Filter>Core\GameObject</Filter>
    </ClInclude>
    <ClInclude Include="Base Code\ComponentMesh.h">
      <Filter>Core\GameObject</Filter>
    </ClInclude>
    <ClInclude Include="Base Code\HierarchyWindow.h">
      <Filter>Core\Windows</Filter>
    </ClInclude>
    <ClInclude Include="Base Code\ModuleFileSystem.h">
      <Filter>Core\Modules</Filter>
    </ClInclude>
    <ClInclude Include="Base Code\lib\PhysFS\include\physfs.h">
      <Filter>Core\Tools\PhysFS</Filter>
    </ClInclude>
    <ClInclude Include="Base Code\lib\Devil\include\devil_internal_exports.h">
      <Filter>Core\Tools\Devil</Filter>
    </ClInclude>
    <ClInclude Include="Base Code\lib\Devil\include\il.h">
      <Filter>Core\Tools\Devil</Filter>
    </ClInclude>
    <ClInclude Include="Base Code\lib\Devil\include\il_wrap.h">
      <Filter>Core\Tools\Devil</Filter>
    </ClInclude>
    <ClInclude Include="Base Code\lib\Devil\include\ilu.h">
      <Filter>Core\Tools\Devil</Filter>
    </ClInclude>
    <ClInclude Include="Base Code\lib\Devil\include\ilu_region.h">
      <Filter>Core\Tools\Devil</Filter>
    </ClInclude>
    <ClInclude Include="Base Code\lib\Devil\include\ilut.h">
      <Filter>Core\Tools\Devil</Filter>
    </ClInclude>
    <ClInclude Include="Base Code\lib\Devil\include\ilut_config.h">
      <Filter>Core\Tools\Devil</Filter>
    </ClInclude>
    <ClInclude Include="Base Code\lib\Devil\include\config.h">
      <Filter>Core\Tools\Devil</Filter>
    </ClInclude>
    <ClInclude Include="resource.h" />
    <ClInclude Include="Base Code\JsonManager.h">
      <Filter>Core\Tools\Parson</Filter>
    </ClInclude>
    <ClInclude Include="Base Code\ComponentCamera.h">
      <Filter>Core\GameObject</Filter>
    </ClInclude>
    <ClInclude Include="Base Code\lib\ImGuizmo\ImGuizmo.h">
      <Filter>Core\Tools\ImGuizmo</Filter>
    </ClInclude>
    <ClInclude Include="Base Code\lib\MathGeoLib\src\MathGeoLibFwd.h">
      <Filter>Core\Tools\MathGeoLib</Filter>
    </ClInclude>
    <ClInclude Include="Base Code\lib\MathGeoLib\src\MathBuildConfig.h">
      <Filter>Core\Tools\MathGeoLib</Filter>
    </ClInclude>
    <ClInclude Include="Base Code\lib\MathGeoLib\src\MathGeoLib.h">
      <Filter>Core\Tools\MathGeoLib</Filter>
    </ClInclude>
    <ClInclude Include="Base Code\lib\MathGeoLib\src\Time\Clock.h">
      <Filter>Core\Tools\MathGeoLib\Time</Filter>
    </ClInclude>
    <ClInclude Include="Base Code\lib\MathGeoLib\src\Math\float3x3.h">
      <Filter>Core\Tools\MathGeoLib\Math</Filter>
    </ClInclude>
    <ClInclude Include="Base Code\lib\MathGeoLib\src\Math\float3x4.h">
      <Filter>Core\Tools\MathGeoLib\Math</Filter>
    </ClInclude>
    <ClInclude Include="Base Code\lib\MathGeoLib\src\Math\float4.h">
      <Filter>Core\Tools\MathGeoLib\Math</Filter>
    </ClInclude>
    <ClInclude Include="Base Code\lib\MathGeoLib\src\Math\float4_neon.h">
      <Filter>Core\Tools\MathGeoLib\Math</Filter>
    </ClInclude>
    <ClInclude Include="Base Code\lib\MathGeoLib\src\Math\float4_sse.h">
      <Filter>Core\Tools\MathGeoLib\Math</Filter>
    </ClInclude>
    <ClInclude Include="Base Code\lib\MathGeoLib\src\Math\float4x4.h">
      <Filter>Core\Tools\MathGeoLib\Math</Filter>
    </ClInclude>
    <ClInclude Include="Base Code\lib\MathGeoLib\src\Math\float4x4_neon.h">
      <Filter>Core\Tools\MathGeoLib\Math</Filter>
    </ClInclude>
    <ClInclude Include="Base Code\lib\MathGeoLib\src\Math\float4x4_sse.h">
      <Filter>Core\Tools\MathGeoLib\Math</Filter>
    </ClInclude>
    <ClInclude Include="Base Code\lib\MathGeoLib\src\Math\FloatCmp.h">
      <Filter>Core\Tools\MathGeoLib\Math</Filter>
    </ClInclude>
    <ClInclude Include="Base Code\lib\MathGeoLib\src\Math\MathAll.h">
      <Filter>Core\Tools\MathGeoLib\Math</Filter>
    </ClInclude>
    <ClInclude Include="Base Code\lib\MathGeoLib\src\Math\MathConstants.h">
      <Filter>Core\Tools\MathGeoLib\Math</Filter>
    </ClInclude>
    <ClInclude Include="Base Code\lib\MathGeoLib\src\Math\MathFunc.h">
      <Filter>Core\Tools\MathGeoLib\Math</Filter>
    </ClInclude>
    <ClInclude Include="Base Code\lib\MathGeoLib\src\Math\MathLog.h">
      <Filter>Core\Tools\MathGeoLib\Math</Filter>
    </ClInclude>
    <ClInclude Include="Base Code\lib\MathGeoLib\src\Math\MathNamespace.h">
      <Filter>Core\Tools\MathGeoLib\Math</Filter>
    </ClInclude>
    <ClInclude Include="Base Code\lib\MathGeoLib\src\Math\MathTypes.h">
      <Filter>Core\Tools\MathGeoLib\Math</Filter>
    </ClInclude>
    <ClInclude Include="Base Code\lib\MathGeoLib\src\Math\MatrixProxy.h">
      <Filter>Core\Tools\MathGeoLib\Math</Filter>
    </ClInclude>
    <ClInclude Include="Base Code\lib\MathGeoLib\src\Math\myassert.h">
      <Filter>Core\Tools\MathGeoLib\Math</Filter>
    </ClInclude>
    <ClInclude Include="Base Code\lib\MathGeoLib\src\Math\Polynomial.h">
      <Filter>Core\Tools\MathGeoLib\Math</Filter>
    </ClInclude>
    <ClInclude Include="Base Code\lib\MathGeoLib\src\Math\Quat.h">
      <Filter>Core\Tools\MathGeoLib\Math</Filter>
    </ClInclude>
    <ClInclude Include="Base Code\lib\MathGeoLib\src\Math\quat_simd.h">
      <Filter>Core\Tools\MathGeoLib\Math</Filter>
    </ClInclude>
    <ClInclude Include="Base Code\lib\MathGeoLib\src\Math\Rect.h">
      <Filter>Core\Tools\MathGeoLib\Math</Filter>
    </ClInclude>
    <ClInclude Include="Base Code\lib\MathGeoLib\src\Math\Reinterpret.h">
      <Filter>Core\Tools\MathGeoLib\Math</Filter>
    </ClInclude>
    <ClInclude Include="Base Code\lib\MathGeoLib\src\Math\sse_mathfun.h">
      <Filter>Core\Tools\MathGeoLib\Math</Filter>
    </ClInclude>
    <ClInclude Include="Base Code\lib\MathGeoLib\src\Math\SSEMath.h">
      <Filter>Core\Tools\MathGeoLib\Math</Filter>
    </ClInclude>
    <ClInclude Include="Base Code\lib\MathGeoLib\src\Math\TransformOps.h">
      <Filter>Core\Tools\MathGeoLib\Math</Filter>
    </ClInclude>
    <ClInclude Include="Base Code\lib\MathGeoLib\src\Math\assume.h">
      <Filter>Core\Tools\MathGeoLib\Math</Filter>
    </ClInclude>
    <ClInclude Include="Base Code\lib\MathGeoLib\src\Math\BitOps.h">
      <Filter>Core\Tools\MathGeoLib\Math</Filter>
    </ClInclude>
    <ClInclude Include="Base Code\lib\MathGeoLib\src\Math\Complex.h">
      <Filter>Core\Tools\MathGeoLib\Math</Filter>
    </ClInclude>
    <ClInclude Include="Base Code\lib\MathGeoLib\src\Math\CoordinateAxisConvention.h">
      <Filter>Core\Tools\MathGeoLib\Math</Filter>
    </ClInclude>
    <ClInclude Include="Base Code\lib\MathGeoLib\src\Math\FixedPoint.h">
      <Filter>Core\Tools\MathGeoLib\Math</Filter>
    </ClInclude>
    <ClInclude Include="Base Code\lib\MathGeoLib\src\Math\float2.h">
      <Filter>Core\Tools\MathGeoLib\Math</Filter>
    </ClInclude>
    <ClInclude Include="Base Code\lib\MathGeoLib\src\Math\float3.h">
      <Filter>Core\Tools\MathGeoLib\Math</Filter>
    </ClInclude>
    <ClInclude Include="Base Code\lib\MathGeoLib\src\Geometry\Polygon.h">
      <Filter>Core\Tools\MathGeoLib\Geometry</Filter>
    </ClInclude>
    <ClInclude Include="Base Code\lib\MathGeoLib\src\Geometry\Polyhedron.h">
      <Filter>Core\Tools\MathGeoLib\Geometry</Filter>
    </ClInclude>
    <ClInclude Include="Base Code\lib\MathGeoLib\src\Geometry\QuadTree.h">
      <Filter>Core\Tools\MathGeoLib\Geometry</Filter>
    </ClInclude>
    <ClInclude Include="Base Code\lib\MathGeoLib\src\Geometry\Ray.h">
      <Filter>Core\Tools\MathGeoLib\Geometry</Filter>
    </ClInclude>
    <ClInclude Include="Base Code\lib\MathGeoLib\src\Geometry\Sphere.h">
      <Filter>Core\Tools\MathGeoLib\Geometry</Filter>
    </ClInclude>
    <ClInclude Include="Base Code\lib\MathGeoLib\src\Geometry\Triangle.h">
      <Filter>Core\Tools\MathGeoLib\Geometry</Filter>
    </ClInclude>
    <ClInclude Include="Base Code\lib\MathGeoLib\src\Geometry\TriangleMesh.h">
      <Filter>Core\Tools\MathGeoLib\Geometry</Filter>
    </ClInclude>
    <ClInclude Include="Base Code\lib\MathGeoLib\src\Geometry\AABB.h">
      <Filter>Core\Tools\MathGeoLib\Geometry</Filter>
    </ClInclude>
    <ClInclude Include="Base Code\lib\MathGeoLib\src\Geometry\AABB2D.h">
      <Filter>Core\Tools\MathGeoLib\Geometry</Filter>
    </ClInclude>
    <ClInclude Include="Base Code\lib\MathGeoLib\src\Geometry\Capsule.h">
      <Filter>Core\Tools\MathGeoLib\Geometry</Filter>
    </ClInclude>
    <ClInclude Include="Base Code\lib\MathGeoLib\src\Geometry\Circle.h">
      <Filter>Core\Tools\MathGeoLib\Geometry</Filter>
    </ClInclude>
    <ClInclude Include="Base Code\lib\MathGeoLib\src\Geometry\Cone.h">
      <Filter>Core\Tools\MathGeoLib\Geometry</Filter>
    </ClInclude>
    <ClInclude Include="Base Code\lib\MathGeoLib\src\Geometry\Cylinder.h">
      <Filter>Core\Tools\MathGeoLib\Geometry</Filter>
    </ClInclude>
    <ClInclude Include="Base Code\lib\MathGeoLib\src\Geometry\Frustum.h">
      <Filter>Core\Tools\MathGeoLib\Geometry</Filter>
    </ClInclude>
    <ClInclude Include="Base Code\lib\MathGeoLib\src\Geometry\GeometryAll.h">
      <Filter>Core\Tools\MathGeoLib\Geometry</Filter>
    </ClInclude>
    <ClInclude Include="Base Code\lib\MathGeoLib\src\Geometry\GeomType.h">
      <Filter>Core\Tools\MathGeoLib\Geometry</Filter>
    </ClInclude>
    <ClInclude Include="Base Code\lib\MathGeoLib\src\Geometry\HitInfo.h">
      <Filter>Core\Tools\MathGeoLib\Geometry</Filter>
    </ClInclude>
    <ClInclude Include="Base Code\lib\MathGeoLib\src\Geometry\KDTree.h">
      <Filter>Core\Tools\MathGeoLib\Geometry</Filter>
    </ClInclude>
    <ClInclude Include="Base Code\lib\MathGeoLib\src\Geometry\Line.h">
      <Filter>Core\Tools\MathGeoLib\Geometry</Filter>
    </ClInclude>
    <ClInclude Include="Base Code\lib\MathGeoLib\src\Geometry\LineSegment.h">
      <Filter>Core\Tools\MathGeoLib\Geometry</Filter>
    </ClInclude>
    <ClInclude Include="Base Code\lib\MathGeoLib\src\Geometry\OBB.h">
      <Filter>Core\Tools\MathGeoLib\Geometry</Filter>
    </ClInclude>
    <ClInclude Include="Base Code\lib\MathGeoLib\src\Geometry\PBVolume.h">
      <Filter>Core\Tools\MathGeoLib\Geometry</Filter>
    </ClInclude>
    <ClInclude Include="Base Code\lib\MathGeoLib\src\Geometry\Plane.h">
      <Filter>Core\Tools\MathGeoLib\Geometry</Filter>
    </ClInclude>
    <ClInclude Include="Base Code\lib\MathGeoLib\src\Algorithm\Random\LCG.h">
      <Filter>Core\Tools\MathGeoLib\Algorithm\Random</Filter>
    </ClInclude>
    <ClInclude Include="Base Code\Time.h">
      <Filter>Core\Tools\Time</Filter>
    </ClInclude>
    <ClInclude Include="Base Code\Resource.h">
      <Filter>Core</Filter>
    </ClInclude>
  </ItemGroup>
  <ItemGroup>
    <Filter Include="Core">
      <UniqueIdentifier>{10ad30fe-7fcf-463b-a0d5-9ff197124594}</UniqueIdentifier>
    </Filter>
    <Filter Include="Core\Tools">
      <UniqueIdentifier>{ae7f225f-f937-4ecf-8498-6bb145ccb659}</UniqueIdentifier>
    </Filter>
    <Filter Include="Core\Esencials">
      <UniqueIdentifier>{4a10fc39-bd68-4908-9273-34c4eee8433a}</UniqueIdentifier>
    </Filter>
    <Filter Include="Core\Modules">
      <UniqueIdentifier>{5fd424d1-f3d8-41d5-889a-349e77f6df3c}</UniqueIdentifier>
    </Filter>
    <Filter Include="Core\Others">
      <UniqueIdentifier>{0cfd1d37-ddfa-4380-b7d8-c5408ef8a68a}</UniqueIdentifier>
    </Filter>
    <Filter Include="Core\Tools\Others">
      <UniqueIdentifier>{2ba3865b-ea83-48d0-bf2d-aafcddcc652b}</UniqueIdentifier>
    </Filter>
    <Filter Include="Core\Tools\ImGui">
      <UniqueIdentifier>{50a66d17-1c71-4f64-b48f-b6e6cbd1fb4a}</UniqueIdentifier>
    </Filter>
    <Filter Include="Core\Tools\Parson">
      <UniqueIdentifier>{136cac0e-a66c-459b-9709-73c0c92ba57a}</UniqueIdentifier>
    </Filter>
    <Filter Include="Core\Tools\mmgr">
      <UniqueIdentifier>{aeda87d9-2ebb-426b-8adf-342e75a0d94c}</UniqueIdentifier>
    </Filter>
    <Filter Include="Core\Tools\MathGeoLib">
      <UniqueIdentifier>{99e036f9-f60d-4f6a-a667-d4944c47fa75}</UniqueIdentifier>
    </Filter>
    <Filter Include="Core\Windows">
      <UniqueIdentifier>{04184a75-6b05-4711-9275-cfc633093641}</UniqueIdentifier>
    </Filter>
    <Filter Include="Core\Tools\FBXImporter">
      <UniqueIdentifier>{6c1afb82-96ba-49fa-ad32-3be2531ea33a}</UniqueIdentifier>
    </Filter>
    <Filter Include="Core\GameObject">
      <UniqueIdentifier>{3d5fe9ff-900b-4be1-bb94-0eda16b320fd}</UniqueIdentifier>
    </Filter>
    <Filter Include="Core\Tools\PhysFS">
      <UniqueIdentifier>{415234b2-3b3a-4c0c-b240-6e75d955cac7}</UniqueIdentifier>
    </Filter>
    <Filter Include="Core\Tools\Devil">
      <UniqueIdentifier>{dc84bcc3-2b41-450d-b522-b6eca7f6099e}</UniqueIdentifier>
    </Filter>
    <Filter Include="Core\Tools\MathGeoLib\Algorithm">
      <UniqueIdentifier>{01dd448c-1b32-4c1c-8fcd-caf006fe7990}</UniqueIdentifier>
    </Filter>
    <Filter Include="Core\Tools\MathGeoLib\Geometry">
      <UniqueIdentifier>{4311468a-9802-47a3-8d73-3f9d4b3ac9a0}</UniqueIdentifier>
    </Filter>
    <Filter Include="Core\Tools\MathGeoLib\Math">
      <UniqueIdentifier>{7fdc420d-b457-4086-993e-2a9faa8388cf}</UniqueIdentifier>
    </Filter>
    <Filter Include="Core\Tools\MathGeoLib\Time">
      <UniqueIdentifier>{83fe5963-a2e3-4c68-9cf8-6636135ccc6b}</UniqueIdentifier>
    </Filter>
    <Filter Include="Core\Tools\MathGeoLib\Algorithm\Random">
      <UniqueIdentifier>{93b83b0c-a066-4e60-9321-59b8c8cfb4c5}</UniqueIdentifier>
    </Filter>
    <Filter Include="Core\Tools\ImGuizmo">
      <UniqueIdentifier>{9d923859-95df-4dc7-abc7-36bc7d1a6e14}</UniqueIdentifier>
    </Filter>
    <Filter Include="Core\Tools\Time">
      <UniqueIdentifier>{56ac3f16-8184-4abd-953f-e50a6a2d1757}</UniqueIdentifier>
    </Filter>
  </ItemGroup>
  <ItemGroup>
    <ResourceCompile Include="Overlevende.rc" />
  </ItemGroup>
  <ItemGroup>
    <Image Include="Game\Assets\OverlevendeLogo.ico" />
  </ItemGroup>
  <ItemGroup>
    <None Include="Base Code\lib\MathGeoLib\src\Math\Matrix.inl">
      <Filter>Core\Tools\MathGeoLib\Math</Filter>
    </None>
    <None Include="Base Code\lib\MathGeoLib\src\Geometry\QuadTree.inl">
      <Filter>Core\Tools\MathGeoLib\Geometry</Filter>
    </None>
    <None Include="Base Code\lib\MathGeoLib\src\Geometry\TriangleMesh_IntersectRay_AVX.inl">
      <Filter>Core\Tools\MathGeoLib\Geometry</Filter>
    </None>
    <None Include="Base Code\lib\MathGeoLib\src\Geometry\TriangleMesh_IntersectRay_CPP.inl">
      <Filter>Core\Tools\MathGeoLib\Geometry</Filter>
    </None>
    <None Include="Base Code\lib\MathGeoLib\src\Geometry\TriangleMesh_IntersectRay_SSE.inl">
      <Filter>Core\Tools\MathGeoLib\Geometry</Filter>
    </None>
    <None Include="Base Code\lib\MathGeoLib\src\Geometry\KDTree.inl">
      <Filter>Core\Tools\MathGeoLib\Geometry</Filter>
    </None>
  </ItemGroup>
</Project>